
Microsoft Visual Studio Solution File, Format Version 12.00
# Visual Studio Version 17
VisualStudioVersion = 17.10.34928.147
MinimumVisualStudioVersion = 10.0.40219.1
Project("{FAE04EC0-301F-11D3-BF4B-00C04F79EFBC}") = "Loops", "Loops\Loops.csproj", "{AE179FFE-145D-4FE3-AF16-4ACE7870E13B}"
EndProject
Global
	GlobalSection(SolutionConfigurationPlatforms) = preSolution
		Debug|Any CPU = Debug|Any CPU
		Release|Any CPU = Release|Any CPU
	EndGlobalSection
	GlobalSection(ProjectConfigurationPlatforms) = postSolution
		{AE179FFE-145D-4FE3-AF16-4ACE7870E13B}.Debug|Any CPU.ActiveCfg = Debug|Any CPU
		{AE179FFE-145D-4FE3-AF16-4ACE7870E13B}.Debug|Any CPU.Build.0 = Debug|Any CPU
		{AE179FFE-145D-4FE3-AF16-4ACE7870E13B}.Release|Any CPU.ActiveCfg = Release|Any CPU
		{AE179FFE-145D-4FE3-AF16-4ACE7870E13B}.Release|Any CPU.Build.0 = Release|Any CPU
	EndGlobalSection
	GlobalSection(SolutionProperties) = preSolution
		HideSolutionNode = FALSE
	EndGlobalSection
	GlobalSection(ExtensibilityGlobals) = postSolution
		SolutionGuid = {7B207F97-3FDC-4F61-99EF-62FAE09B1E25}
	EndGlobalSection
EndGlobal
